{
  "name": "wp-graphql",
  "version": "1.0.0",
  "lockfileVersion": 1,
  "requires": true,
  "dependencies": {
    "@types/zen-observable": {
      "version": "0.5.3",
      "resolved": "https://registry.npmjs.org/@types/zen-observable/-/zen-observable-0.5.3.tgz",
      "integrity": "sha512-aDvGDAHcVfUqNmd8q4//cHAP+HGxsbChbBbuk3+kMVk5TTxfWLpQWvVN3+UPjohLnwMYN7jr6BWNn2cYNqdm7g=="
    },
    "apollo-link": {
      "version": "1.0.5",
      "resolved": "https://registry.npmjs.org/apollo-link/-/apollo-link-1.0.5.tgz",
      "integrity": "sha512-JiGPOZhrg4ANK9A0TvfL7GGml14w82nTZayxN5ccLnQi0jh82ZNGl5S3085EjJGCAFZ4lMoBalkBMENr9m8xnA==",
      "requires": {
        "@types/zen-observable": "0.5.3",
        "apollo-utilities": "1.0.3",
        "zen-observable": "0.6.0"
      }
    },
    "apollo-link-context": {
      "version": "1.0.2",
      "resolved": "https://registry.npmjs.org/apollo-link-context/-/apollo-link-context-1.0.2.tgz",
      "integrity": "sha512-clVdPQJ2h91hUdfeoBZfBjID5fHreDCP/MAvgAyNwmcKNTXhKVdnBrwDi3PQY8Gw4oUkCv/Y1CSNShcvu2eyfw==",
      "requires": {
        "apollo-link": "1.0.5"
      }
    },
    "apollo-utilities": {
      "version": "1.0.3",
      "resolved": "https://registry.npmjs.org/apollo-utilities/-/apollo-utilities-1.0.3.tgz",
      "integrity": "sha512-wNKf0GAXfvnmZFYVl1YIzZ6LDSUe+zo4SKd2kbzi7YquNZUuSwJnG1FfEphvfwRRTI2dnpcGZEq26I7uUBrWNw=="
    },
    "zen-observable": {
      "version": "0.6.0",
      "resolved": "https://registry.npmjs.org/zen-observable/-/zen-observable-0.6.0.tgz",
      "integrity": "sha512-G5v4eFZ1+qJC9U3iyldcc7OLsYfFf6/+/vywU3acbq0qq1PdFXsyfqtOUaQSTwhdbejO7AQWil3GzHxYlMchIg=="
    }
  }
}
